PODS:
  - battery (0.0.1):
    - Flutter
  - Flutter (1.0.0)
  - pedometer (0.0.1):
    - Flutter

DEPENDENCIES:
  - battery (from `.symlinks/plugins/battery/ios`)
  - Flutter (from `Flutter`)
  - pedometer (from `.symlinks/plugins/pedometer/ios`)

EXTERNAL SOURCES:
  battery:
    :path: ".symlinks/plugins/battery/ios"
  Flutter:
    :path: Flutter
  pedometer:
    :path: ".symlinks/plugins/pedometer/ios"

SPEC CHECKSUMS:
  battery: 42c3029d295615713120da60f48f2dc4ce98f030
  Flutter: 0e3d915762c693b495b44d77113d4970485de6ec
  pedometer: e27471953eabc0ceed97e4828c0bccf91d179d86

PODFILE CHECKSUM: 083258d7f5e80b42ea9bfee905fe93049bc04c64

COCOAPODS: 1.8.4
